
Microsoft Visual Studio Solution File, Format Version 12.00
# Visual Studio Version 16
VisualStudioVersion = 16.0.31911.196
MinimumVisualStudioVersion = 10.0.40219.1
Project("{FAE04EC0-301F-11D3-BF4B-00C04F79EFBC}") = "Shop8", "Shop8\Shop8.csproj", "{8E374FB9-D27A-4847-9BE5-BA28DE7CBFE8}"
EndProject
Project("{FAE04EC0-301F-11D3-BF4B-00C04F79EFBC}") = "Model", "Model\Model.csproj", "{AD41FF43-A839-4303-96AA-F52D4B35C509}"
EndProject
Global
	GlobalSection(SolutionConfigurationPlatforms) = preSolution
		Debug|Any CPU = Debug|Any CPU
		Release|Any CPU = Release|Any CPU
	EndGlobalSection
	GlobalSection(ProjectConfigurationPlatforms) = postSolution
		{8E374FB9-D27A-4847-9BE5-BA28DE7CBFE8}.Debug|Any CPU.ActiveCfg = Debug|Any CPU
		{8E374FB9-D27A-4847-9BE5-BA28DE7CBFE8}.Debug|Any CPU.Build.0 = Debug|Any CPU
		{8E374FB9-D27A-4847-9BE5-BA28DE7CBFE8}.Release|Any CPU.ActiveCfg = Release|Any CPU
		{8E374FB9-D27A-4847-9BE5-BA28DE7CBFE8}.Release|Any CPU.Build.0 = Release|Any CPU
		{AD41FF43-A839-4303-96AA-F52D4B35C509}.Debug|Any CPU.ActiveCfg = Debug|Any CPU
		{AD41FF43-A839-4303-96AA-F52D4B35C509}.Debug|Any CPU.Build.0 = Debug|Any CPU
		{AD41FF43-A839-4303-96AA-F52D4B35C509}.Release|Any CPU.ActiveCfg = Release|Any CPU
		{AD41FF43-A839-4303-96AA-F52D4B35C509}.Release|Any CPU.Build.0 = Release|Any CPU
	EndGlobalSection
	GlobalSection(SolutionProperties) = preSolution
		HideSolutionNode = FALSE
	EndGlobalSection
	GlobalSection(ExtensibilityGlobals) = postSolution
		SolutionGuid = {4166FF2E-816F-4454-9FA4-E7B5DF64DDF3}
	EndGlobalSection
EndGlobal
